
Microsoft Visual Studio Solution File, Format Version 12.00
# Visual Studio Version 17
VisualStudioVersion = 17.12.35521.163 d17.12
MinimumVisualStudioVersion = 10.0.40219.1
Project("{FAE04EC0-301F-11D3-BF4B-00C04F79EFBC}") = "test-config", "test-config\test-config.csproj", "{186810EA-1BD4-43F6-A251-1B2D52145AC4}"
EndProject
Project("{FAE04EC0-301F-11D3-BF4B-00C04F79EFBC}") = "test-appsettings-location", "test-appsettings-location\test-appsettings-location.csproj", "{C1E30A74-BA6C-4518-8A27-08628D334535}"
EndProject
Global
	GlobalSection(SolutionConfigurationPlatforms) = preSolution
		Debug|Any CPU = Debug|Any CPU
		Release|Any CPU = Release|Any CPU
	EndGlobalSection
	GlobalSection(ProjectConfigurationPlatforms) = postSolution
		{186810EA-1BD4-43F6-A251-1B2D52145AC4}.Debug|Any CPU.ActiveCfg = Debug|Any CPU
		{186810EA-1BD4-43F6-A251-1B2D52145AC4}.Debug|Any CPU.Build.0 = Debug|Any CPU
		{186810EA-1BD4-43F6-A251-1B2D52145AC4}.Release|Any CPU.ActiveCfg = Release|Any CPU
		{186810EA-1BD4-43F6-A251-1B2D52145AC4}.Release|Any CPU.Build.0 = Release|Any CPU
		{C1E30A74-BA6C-4518-8A27-08628D334535}.Debug|Any CPU.ActiveCfg = Debug|Any CPU
		{C1E30A74-BA6C-4518-8A27-08628D334535}.Debug|Any CPU.Build.0 = Debug|Any CPU
		{C1E30A74-BA6C-4518-8A27-08628D334535}.Release|Any CPU.ActiveCfg = Release|Any CPU
		{C1E30A74-BA6C-4518-8A27-08628D334535}.Release|Any CPU.Build.0 = Release|Any CPU
	EndGlobalSection
	GlobalSection(SolutionProperties) = preSolution
		HideSolutionNode = FALSE
	EndGlobalSection
EndGlobal
